// !$*UTF8*$!
{
	archiveVersion = 1;
	classes = {
	};
	objectVersion = 50;
	objects = {

/* Begin PBXGroup section */
		1DEBEC5520BB385600B45BDA = {
			isa = PBXGroup;
			children = (
			);
			sourceTree = "<group>";
		};
/* End PBXGroup section */

/* Begin PBXProject section */
		1DEBEC5620BB385600B45BDA /* Project object */ = {
			isa = PBXProject;
			attributes = {
				LastUpgradeCheck = 0930;
			};
			buildConfigurationList = 1DEBEC5920BB385600B45BDA /* Build configuration list for PBXProject "RWMRecurrenceRule" */;
			compatibilityVersion = "Xcode 9.3";
			developmentRegion = en;
			hasScannedForEncodings = 0;
			knownRegions = (
				en,
			);
			mainGroup = 1DEBEC5520BB385600B45BDA;
			projectDirPath = "";
			projectRoot = "";
			targets = (
			);
		};
/* End PBXProject section */

/* Begin XCBuildConfiguration section */
		1DEBEC5A20BB385600B45BDA /* Debug */ = {
			isa = XCBuildConfiguration;
			buildSettings = {
			};
			name = Debug;
		};
		1DEBEC5B20BB385600B45BDA /* Release */ = {
			isa = XCBuildConfiguration;
			buildSettings = {
			};
			name = Release;
		};
/* End XCBuildConfiguration section */

/* Begin XCConfigurationList section */
		1DEBEC5920BB385600B45BDA /* Build configuration list for PBXProject "RWMRecurrenceRule" */ = {
			isa = XCConfigurationList;
			buildConfigurations = (
				1DEBEC5A20BB385600B45BDA /* Debug */,
				1DEBEC5B20BB385600B45BDA /* Release */,
			);
			defaultConfigurationIsVisible = 0;
			defaultConfigurationName = Release;
		};
/* End XCConfigurationList section */
	};
	rootObject = 1DEBEC5620BB385600B45BDA /* Project object */;
}
